
Microsoft Visual Studio Solution File, Format Version 12.00
# Visual Studio Version 17
VisualStudioVersion = 17.6.33723.286
MinimumVisualStudioVersion = 10.0.40219.1
Project("{FAE04EC0-301F-11D3-BF4B-00C04F79EFBC}") = "WebApplication3", "WebApplication3\WebApplication3.csproj", "{B105DEA4-9B38-468E-93CF-BB86AD904D5A}"
EndProject
Global
	GlobalSection(SolutionConfigurationPlatforms) = preSolution
		Debug|Any CPU = Debug|Any CPU
		Release|Any CPU = Release|Any CPU
	EndGlobalSection
	GlobalSection(ProjectConfigurationPlatforms) = postSolution
		{B105DEA4-9B38-468E-93CF-BB86AD904D5A}.Debug|Any CPU.ActiveCfg = Debug|Any CPU
		{B105DEA4-9B38-468E-93CF-BB86AD904D5A}.Debug|Any CPU.Build.0 = Debug|Any CPU
		{B105DEA4-9B38-468E-93CF-BB86AD904D5A}.Release|Any CPU.ActiveCfg = Release|Any CPU
		{B105DEA4-9B38-468E-93CF-BB86AD904D5A}.Release|Any CPU.Build.0 = Release|Any CPU
	EndGlobalSection
	GlobalSection(SolutionProperties) = preSolution
		HideSolutionNode = FALSE
	EndGlobalSection
	GlobalSection(ExtensibilityGlobals) = postSolution
		SolutionGuid = {40464A62-7BB3-4EC2-B063-1F5DC608735B}
	EndGlobalSection
EndGlobal
